
Microsoft Visual Studio Solution File, Format Version 12.00
# Visual Studio Version 17
VisualStudioVersion = 17.5.002.0
MinimumVisualStudioVersion = 10.0.40219.1
Project("{2150E333-8FDC-42A3-9474-1A3956D46DE8}") = "FileHandling", "FileHandling", "{351C9BA1-6214-4FD6-9825-D17202A63726}"
EndProject
Project("{9A19103F-16F7-4668-BE54-9A1E7A4F7556}") = "Example1", "FileHandling\CWTask\Example1.csproj", "{FAC5902E-E454-45CB-A964-F787C1B3BB3C}"
EndProject
Project("{2150E333-8FDC-42A3-9474-1A3956D46DE8}") = "Review", "Review", "{730DDEF7-542A-4C7C-BDEB-9A4F0BB5725F}"
EndProject
Project("{9A19103F-16F7-4668-BE54-9A1E7A4F7556}") = "Example1", "Review\StudentClass\Example1.csproj", "{E94D1D55-A77C-434E-BC31-ECF0F888E3C9}"
EndProject
Global
	GlobalSection(SolutionConfigurationPlatforms) = preSolution
		Debug|Any CPU = Debug|Any CPU
		Release|Any CPU = Release|Any CPU
	EndGlobalSection
	GlobalSection(ProjectConfigurationPlatforms) = postSolution
		{FAC5902E-E454-45CB-A964-F787C1B3BB3C}.Debug|Any CPU.ActiveCfg = Debug|Any CPU
		{FAC5902E-E454-45CB-A964-F787C1B3BB3C}.Debug|Any CPU.Build.0 = Debug|Any CPU
		{FAC5902E-E454-45CB-A964-F787C1B3BB3C}.Release|Any CPU.ActiveCfg = Release|Any CPU
		{FAC5902E-E454-45CB-A964-F787C1B3BB3C}.Release|Any CPU.Build.0 = Release|Any CPU
		{E94D1D55-A77C-434E-BC31-ECF0F888E3C9}.Debug|Any CPU.ActiveCfg = Debug|Any CPU
		{E94D1D55-A77C-434E-BC31-ECF0F888E3C9}.Debug|Any CPU.Build.0 = Debug|Any CPU
		{E94D1D55-A77C-434E-BC31-ECF0F888E3C9}.Release|Any CPU.ActiveCfg = Release|Any CPU
		{E94D1D55-A77C-434E-BC31-ECF0F888E3C9}.Release|Any CPU.Build.0 = Release|Any CPU
	EndGlobalSection
	GlobalSection(SolutionProperties) = preSolution
		HideSolutionNode = FALSE
	EndGlobalSection
	GlobalSection(NestedProjects) = preSolution
		{FAC5902E-E454-45CB-A964-F787C1B3BB3C} = {351C9BA1-6214-4FD6-9825-D17202A63726}
		{E94D1D55-A77C-434E-BC31-ECF0F888E3C9} = {730DDEF7-542A-4C7C-BDEB-9A4F0BB5725F}
	EndGlobalSection
	GlobalSection(ExtensibilityGlobals) = postSolution
		SolutionGuid = {9BEBFAC1-84AC-4C85-B06E-32885D260750}
	EndGlobalSection
EndGlobal
