
Microsoft Visual Studio Solution File, Format Version 12.00
# Visual Studio Version 17
VisualStudioVersion = 17.5.002.0
MinimumVisualStudioVersion = 10.0.40219.1
Project("{2150E333-8FDC-42A3-9474-1A3956D46DE8}") = "Dictionaries", "Dictionaries", "{F5C2B2BF-EEDA-403C-AB88-6C7673D716D4}"
EndProject
Project("{9A19103F-16F7-4668-BE54-9A1E7A4F7556}") = "Phonebook", "Dictionaries\Phonebook\Phonebook.csproj", "{33C5DEE2-67FE-46BB-B65F-373F8B82DE45}"
EndProject
Project("{2150E333-8FDC-42A3-9474-1A3956D46DE8}") = "FileHandling", "FileHandling", "{B4777DC6-F949-4B35-AA5B-6DA4A7F18F23}"
EndProject
Project("{9A19103F-16F7-4668-BE54-9A1E7A4F7556}") = "Example1", "FileHandling\CWTask\Example1.csproj", "{0AE9AFB1-88CB-425F-A54A-B118F04BBD2E}"
EndProject
Project("{9A19103F-16F7-4668-BE54-9A1E7A4F7556}") = "MoveCopy", "FileHandling\MoveCopy\MoveCopy.csproj", "{800247CC-95C4-42AA-A04D-D4AF935482AE}"
EndProject
Project("{2150E333-8FDC-42A3-9474-1A3956D46DE8}") = "MiniProjects", "MiniProjects", "{40D6A27A-B2E2-4348-B5AC-FF30FA69336F}"
EndProject
Project("{9A19103F-16F7-4668-BE54-9A1E7A4F7556}") = "Password", "MiniProjects\Password\Password.csproj", "{8C0F312B-2CD6-4D1A-AA7C-B54EA6484E36}"
EndProject
Project("{2150E333-8FDC-42A3-9474-1A3956D46DE8}") = "Review", "Review", "{B8E1AF6D-E673-434C-9D22-81F1A01877BA}"
EndProject
Project("{9A19103F-16F7-4668-BE54-9A1E7A4F7556}") = "Example1", "Review\StudentClass\Example1.csproj", "{67BB9FF3-4B89-40FC-B24E-35ADEA086A6D}"
EndProject
Project("{2150E333-8FDC-42A3-9474-1A3956D46DE8}") = "Classwork 2", "Classwork 2", "{9009EE8B-960F-4624-B512-BBD55A40C853}"
EndProject
Project("{9A19103F-16F7-4668-BE54-9A1E7A4F7556}") = "Problem 2", "FileHandling\Classwork 2\Problem 2\Problem 2.csproj", "{6757D81D-2CE7-437F-9952-CAA178861D36}"
EndProject
Project("{9A19103F-16F7-4668-BE54-9A1E7A4F7556}") = "Problem 3", "FileHandling\Classwork 2\Problem 3\Problem 3.csproj", "{0910DBE8-FB5E-4A76-9D45-BE00AE0FD6B2}"
EndProject
Project("{9A19103F-16F7-4668-BE54-9A1E7A4F7556}") = "Problem 4", "FileHandling\Classwork 2\Problem 4\Problem 4.csproj", "{4BE65A8F-1FA0-4F58-8E34-7E66AEF046C8}"
EndProject
Project("{9A19103F-16F7-4668-BE54-9A1E7A4F7556}") = "Problem 6", "FileHandling\Classwork 2\Problem 6\Problem 6.csproj", "{74700268-3AA8-465B-A80E-5AE7F035DE9B}"
EndProject
Global
	GlobalSection(SolutionConfigurationPlatforms) = preSolution
		Debug|Any CPU = Debug|Any CPU
		Release|Any CPU = Release|Any CPU
	EndGlobalSection
	GlobalSection(ProjectConfigurationPlatforms) = postSolution
		{33C5DEE2-67FE-46BB-B65F-373F8B82DE45}.Debug|Any CPU.ActiveCfg = Debug|Any CPU
		{33C5DEE2-67FE-46BB-B65F-373F8B82DE45}.Debug|Any CPU.Build.0 = Debug|Any CPU
		{33C5DEE2-67FE-46BB-B65F-373F8B82DE45}.Release|Any CPU.ActiveCfg = Release|Any CPU
		{33C5DEE2-67FE-46BB-B65F-373F8B82DE45}.Release|Any CPU.Build.0 = Release|Any CPU
		{0AE9AFB1-88CB-425F-A54A-B118F04BBD2E}.Debug|Any CPU.ActiveCfg = Debug|Any CPU
		{0AE9AFB1-88CB-425F-A54A-B118F04BBD2E}.Debug|Any CPU.Build.0 = Debug|Any CPU
		{0AE9AFB1-88CB-425F-A54A-B118F04BBD2E}.Release|Any CPU.ActiveCfg = Release|Any CPU
		{0AE9AFB1-88CB-425F-A54A-B118F04BBD2E}.Release|Any CPU.Build.0 = Release|Any CPU
		{800247CC-95C4-42AA-A04D-D4AF935482AE}.Debug|Any CPU.ActiveCfg = Debug|Any CPU
		{800247CC-95C4-42AA-A04D-D4AF935482AE}.Debug|Any CPU.Build.0 = Debug|Any CPU
		{800247CC-95C4-42AA-A04D-D4AF935482AE}.Release|Any CPU.ActiveCfg = Release|Any CPU
		{800247CC-95C4-42AA-A04D-D4AF935482AE}.Release|Any CPU.Build.0 = Release|Any CPU
		{8C0F312B-2CD6-4D1A-AA7C-B54EA6484E36}.Debug|Any CPU.ActiveCfg = Debug|Any CPU
		{8C0F312B-2CD6-4D1A-AA7C-B54EA6484E36}.Debug|Any CPU.Build.0 = Debug|Any CPU
		{8C0F312B-2CD6-4D1A-AA7C-B54EA6484E36}.Release|Any CPU.ActiveCfg = Release|Any CPU
		{8C0F312B-2CD6-4D1A-AA7C-B54EA6484E36}.Release|Any CPU.Build.0 = Release|Any CPU
		{67BB9FF3-4B89-40FC-B24E-35ADEA086A6D}.Debug|Any CPU.ActiveCfg = Debug|Any CPU
		{67BB9FF3-4B89-40FC-B24E-35ADEA086A6D}.Debug|Any CPU.Build.0 = Debug|Any CPU
		{67BB9FF3-4B89-40FC-B24E-35ADEA086A6D}.Release|Any CPU.ActiveCfg = Release|Any CPU
		{67BB9FF3-4B89-40FC-B24E-35ADEA086A6D}.Release|Any CPU.Build.0 = Release|Any CPU
		{6757D81D-2CE7-437F-9952-CAA178861D36}.Debug|Any CPU.ActiveCfg = Debug|Any CPU
		{6757D81D-2CE7-437F-9952-CAA178861D36}.Debug|Any CPU.Build.0 = Debug|Any CPU
		{6757D81D-2CE7-437F-9952-CAA178861D36}.Release|Any CPU.ActiveCfg = Release|Any CPU
		{6757D81D-2CE7-437F-9952-CAA178861D36}.Release|Any CPU.Build.0 = Release|Any CPU
		{0910DBE8-FB5E-4A76-9D45-BE00AE0FD6B2}.Debug|Any CPU.ActiveCfg = Debug|Any CPU
		{0910DBE8-FB5E-4A76-9D45-BE00AE0FD6B2}.Debug|Any CPU.Build.0 = Debug|Any CPU
		{0910DBE8-FB5E-4A76-9D45-BE00AE0FD6B2}.Release|Any CPU.ActiveCfg = Release|Any CPU
		{0910DBE8-FB5E-4A76-9D45-BE00AE0FD6B2}.Release|Any CPU.Build.0 = Release|Any CPU
		{4BE65A8F-1FA0-4F58-8E34-7E66AEF046C8}.Debug|Any CPU.ActiveCfg = Debug|Any CPU
		{4BE65A8F-1FA0-4F58-8E34-7E66AEF046C8}.Debug|Any CPU.Build.0 = Debug|Any CPU
		{4BE65A8F-1FA0-4F58-8E34-7E66AEF046C8}.Release|Any CPU.ActiveCfg = Release|Any CPU
		{4BE65A8F-1FA0-4F58-8E34-7E66AEF046C8}.Release|Any CPU.Build.0 = Release|Any CPU
		{74700268-3AA8-465B-A80E-5AE7F035DE9B}.Debug|Any CPU.ActiveCfg = Debug|Any CPU
		{74700268-3AA8-465B-A80E-5AE7F035DE9B}.Debug|Any CPU.Build.0 = Debug|Any CPU
		{74700268-3AA8-465B-A80E-5AE7F035DE9B}.Release|Any CPU.ActiveCfg = Release|Any CPU
		{74700268-3AA8-465B-A80E-5AE7F035DE9B}.Release|Any CPU.Build.0 = Release|Any CPU
	EndGlobalSection
	GlobalSection(SolutionProperties) = preSolution
		HideSolutionNode = FALSE
	EndGlobalSection
	GlobalSection(NestedProjects) = preSolution
		{33C5DEE2-67FE-46BB-B65F-373F8B82DE45} = {F5C2B2BF-EEDA-403C-AB88-6C7673D716D4}
		{0AE9AFB1-88CB-425F-A54A-B118F04BBD2E} = {B4777DC6-F949-4B35-AA5B-6DA4A7F18F23}
		{800247CC-95C4-42AA-A04D-D4AF935482AE} = {B4777DC6-F949-4B35-AA5B-6DA4A7F18F23}
		{8C0F312B-2CD6-4D1A-AA7C-B54EA6484E36} = {40D6A27A-B2E2-4348-B5AC-FF30FA69336F}
		{67BB9FF3-4B89-40FC-B24E-35ADEA086A6D} = {B8E1AF6D-E673-434C-9D22-81F1A01877BA}
		{9009EE8B-960F-4624-B512-BBD55A40C853} = {B4777DC6-F949-4B35-AA5B-6DA4A7F18F23}
		{6757D81D-2CE7-437F-9952-CAA178861D36} = {9009EE8B-960F-4624-B512-BBD55A40C853}
		{0910DBE8-FB5E-4A76-9D45-BE00AE0FD6B2} = {9009EE8B-960F-4624-B512-BBD55A40C853}
		{4BE65A8F-1FA0-4F58-8E34-7E66AEF046C8} = {9009EE8B-960F-4624-B512-BBD55A40C853}
		{74700268-3AA8-465B-A80E-5AE7F035DE9B} = {9009EE8B-960F-4624-B512-BBD55A40C853}
	EndGlobalSection
	GlobalSection(ExtensibilityGlobals) = postSolution
		SolutionGuid = {B4D462A1-1E56-46B9-9173-D61496C5DBEC}
	EndGlobalSection
EndGlobal
