
Microsoft Visual Studio Solution File, Format Version 12.00
# Visual Studio Version 17
VisualStudioVersion = 17.9.34728.123
MinimumVisualStudioVersion = 10.0.40219.1
Project("{FAE04EC0-301F-11D3-BF4B-00C04F79EFBC}") = "Pictures", "Pictures\Pictures.csproj", "{02279A44-A6B7-476B-839A-720A5105C786}"
EndProject
Global
	GlobalSection(SolutionConfigurationPlatforms) = preSolution
		Debug|Any CPU = Debug|Any CPU
		Release|Any CPU = Release|Any CPU
	EndGlobalSection
	GlobalSection(ProjectConfigurationPlatforms) = postSolution
		{02279A44-A6B7-476B-839A-720A5105C786}.Debug|Any CPU.ActiveCfg = Debug|Any CPU
		{02279A44-A6B7-476B-839A-720A5105C786}.Debug|Any CPU.Build.0 = Debug|Any CPU
		{02279A44-A6B7-476B-839A-720A5105C786}.Release|Any CPU.ActiveCfg = Release|Any CPU
		{02279A44-A6B7-476B-839A-720A5105C786}.Release|Any CPU.Build.0 = Release|Any CPU
	EndGlobalSection
	GlobalSection(SolutionProperties) = preSolution
		HideSolutionNode = FALSE
	EndGlobalSection
	GlobalSection(ExtensibilityGlobals) = postSolution
		SolutionGuid = {B208B229-27EA-4DD9-8B26-AD31AD28DE0E}
	EndGlobalSection
EndGlobal
