
Microsoft Visual Studio Solution File, Format Version 12.00
# Visual Studio Version 17
VisualStudioVersion = 17.7.34024.191
MinimumVisualStudioVersion = 10.0.40219.1
Project("{FAE04EC0-301F-11D3-BF4B-00C04F79EFBC}") = "ListsApp", "ListsApp\ListsApp.csproj", "{CE1DB7E9-098C-4107-AAA9-BD58A3A94E05}"
EndProject
Global
	GlobalSection(SolutionConfigurationPlatforms) = preSolution
		Debug|Any CPU = Debug|Any CPU
		Release|Any CPU = Release|Any CPU
	EndGlobalSection
	GlobalSection(ProjectConfigurationPlatforms) = postSolution
		{CE1DB7E9-098C-4107-AAA9-BD58A3A94E05}.Debug|Any CPU.ActiveCfg = Debug|Any CPU
		{CE1DB7E9-098C-4107-AAA9-BD58A3A94E05}.Debug|Any CPU.Build.0 = Debug|Any CPU
		{CE1DB7E9-098C-4107-AAA9-BD58A3A94E05}.Release|Any CPU.ActiveCfg = Release|Any CPU
		{CE1DB7E9-098C-4107-AAA9-BD58A3A94E05}.Release|Any CPU.Build.0 = Release|Any CPU
	EndGlobalSection
	GlobalSection(SolutionProperties) = preSolution
		HideSolutionNode = FALSE
	EndGlobalSection
	GlobalSection(ExtensibilityGlobals) = postSolution
		SolutionGuid = {75876443-9684-481D-8853-C27B4C287D0E}
	EndGlobalSection
EndGlobal
